// !$*UTF8*$!
{
	archiveVersion = 1;
	classes = {
	};
	objectVersion = 46;
	objects = {

/* Begin PBXBuildFile section */
		B0E226AC1B1051B600DD9578 /* AppDelegate.swift in Sources */ = {isa = PBXBuildFile; fileRef = B0E226AB1B1051B600DD9578 /* AppDelegate.swift */; };
		B0E226AE1B1051B600DD9578 /* ViewController.swift in Sources */ = {isa = PBXBuildFile; fileRef = B0E226AD1B1051B600DD9578 /* ViewController.swift */; };
		B0E226B11B1051B600DD9578 /* Main.storyboard in Resources */ = {isa = PBXBuildFile; fileRef = B0E226AF1B1051B600DD9578 /* Main.storyboard */; };
		B0E226B31B1051B600DD9578 /* Images.xcassets in Resources */ = {isa = PBXBuildFile; fileRef = B0E226B21B1051B600DD9578 /* Images.xcassets */; };
		B0E226B61B1051B600DD9578 /* LaunchScreen.xib in Resources */ = {isa = PBXBuildFile; fileRef = B0E226B41B1051B600DD9578 /* LaunchScreen.xib */; };
		B0E226C21B1051B600DD9578 /* PitchPerfectTests.swift in Sources */ = {isa = PBXBuildFile; fileRef = B0E226C11B1051B600DD9578 /* PitchPerfectTests.swift */; };
/* End PBXBuildFile section */

/* Begin PBXContainerItemProxy section */
		B0E226BC1B1051B600DD9578 /* PBXContainerItemProxy */ = {
			isa = PBXContainerItemProxy;
			containerPortal = B0E2269E1B1051B600DD9578 /* Project object */;
			proxyType = 1;
			remoteGlobalIDString = B0E226A51B1051B600DD9578;
			remoteInfo = PitchPerfect;
		};
/* End PBXContainerItemProxy section */

/* Begin PBXFileReference section */
		B0E226A61B1051B600DD9578 /* PitchPerfect.app */ = {isa = PBXFileReference; explicitFileType = wrapper.application; includeInIndex = 0; path = PitchPerfect.app; sourceTree = BUILT_PRODUCTS_DIR; };
		B0E226AA1B1051B600DD9578 /* Info.plist */ = {isa = PBXFileReference; lastKnownFileType = text.plist.xml; path = Info.plist; sourceTree = "<group>"; };
		B0E226AB1B1051B600DD9578 /* AppDelegate.swift */ = {isa = PBXFileReference; lastKnownFileType = sourcecode.swift; path = AppDelegate.swift; sourceTree = "<group>"; };
		B0E226AD1B1051B600DD9578 /* ViewController.swift */ = {isa = PBXFileReference; lastKnownFileType = sourcecode.swift; path = ViewController.swift; sourceTree = "<group>"; };
		B0E226B01B1051B600DD9578 /* Base */ = {isa = PBXFileReference; lastKnownFileType = file.storyboard; name = Base; path = Base.lproj/Main.storyboard; sourceTree = "<group>"; };
		B0E226B21B1051B600DD9578 /* Images.xcassets */ = {isa = PBXFileReference; lastKnownFileType = folder.assetcatalog; path = Images.xcassets; sourceTree = "<group>"; };
		B0E226B51B1051B600DD9578 /* Base */ = {isa = PBXFileReference; lastKnownFileType = file.xib; name = Base; path = Base.lproj/LaunchScreen.xib; sourceTree = "<group>"; };
		B0E226BB1B1051B600DD9578 /* PitchPerfectTests.xctest */ = {isa = PBXFileReference; explicitFileType = wrapper.cfbundle; includeInIndex = 0; path = PitchPerfectTests.xctest; sourceTree = BUILT_PRODUCTS_DIR; };
		B0E226C01B1051B600DD9578 /* Info.plist */ = {isa = PBXFileReference; lastKnownFileType = text.plist.xml; path = Info.plist; sourceTree = "<group>"; };
		B0E226C11B1051B600DD9578 /* PitchPerfectTests.swift */ = {isa = PBXFileReference; lastKnownFileType = sourcecode.swift; path = PitchPerfectTests.swift; sourceTree = "<group>"; };
/* End PBXFileReference section */

/* Begin PBXFrameworksBuildPhase section */
		B0E226A31B1051B600DD9578 /* Frameworks */ = {
			isa = PBXFrameworksBuildPhase;
			buildActionMask = 2147483647;
			files = (
			);
			runOnlyForDeploymentPostprocessing = 0;
		};
		B0E226B81B1051B600DD9578 /* Frameworks */ = {
			isa = PBXFrameworksBuildPhase;
			buildActionMask = 2147483647;
			files = (
			);
			runOnlyForDeploymentPostprocessing = 0;
		};
/* End PBXFrameworksBuildPhase section */

/* Begin PBXGroup section */
		B0E2269D1B1051B600DD9578 = {
			isa = PBXGroup;
			children = (
				B0E226A81B1051B600DD9578 /* PitchPerfect */,
				B0E226BE1B1051B600DD9578 /* PitchPerfectTests */,
				B0E226A71B1051B600DD9578 /* Products */,
			);
			sourceTree = "<group>";
		};
		B0E226A71B1051B600DD9578 /* Products */ = {
			isa = PBXGroup;
			children = (
				B0E226A61B1051B600DD9578 /* PitchPerfect.app */,
				B0E226BB1B1051B600DD9578 /* PitchPerfectTests.xctest */,
			);
			name = Products;
			sourceTree = "<group>";
		};
		B0E226A81B1051B600DD9578 /* PitchPerfect */ = {
			isa = PBXGroup;
			children = (
				B0E226AB1B1051B600DD9578 /* AppDelegate.swift */,
				B0E226AD1B1051B600DD9578 /* ViewController.swift */,
				B0E226AF1B1051B600DD9578 /* Main.storyboard */,
				B0E226B21B1051B600DD9578 /* Images.xcassets */,
				B0E226B41B1051B600DD9578 /* LaunchScreen.xib */,
				B0E226A91B1051B600DD9578 /* Supporting Files */,
			);
			path = PitchPerfect;
			sourceTree = "<group>";
		};
		B0E226A91B1051B600DD9578 /* Supporting Files */ = {
			isa = PBXGroup;
			children = (
				B0E226AA1B1051B600DD9578 /* Info.plist */,
			);
			name = "Supporting Files";
			sourceTree = "<group>";
		};
		B0E226BE1B1051B600DD9578 /* PitchPerfectTests */ = {
			isa = PBXGroup;
			children = (
				B0E226C11B1051B600DD9578 /* PitchPerfectTests.swift */,
				B0E226BF1B1051B600DD9578 /* Supporting Files */,
			);
			path = PitchPerfectTests;
			sourceTree = "<group>";
		};
		B0E226BF1B1051B600DD9578 /* Supporting Files */ = {
			isa = PBXGroup;
			children = (
				B0E226C01B1051B600DD9578 /* Info.plist */,
			);
			name = "Supporting Files";
			sourceTree = "<group>";
		};
/* End PBXGroup section */

/* Begin PBXNativeTarget section */
		B0E226A51B1051B600DD9578 /* PitchPerfect */ = {
			isa = PBXNativeTarget;
			buildConfigurationList = B0E226C51B1051B600DD9578 /* Build configuration list for PBXNativeTarget "PitchPerfect" */;
			buildPhases = (
				B0E226A21B1051B600DD9578 /* Sources */,
				B0E226A31B1051B600DD9578 /* Frameworks */,
				B0E226A41B1051B600DD9578 /* Resources */,
			);
			buildRules = (
			);
			dependencies = (
			);
			name = PitchPerfect;
			productName = PitchPerfect;
			productReference = B0E226A61B1051B600DD9578 /* PitchPerfect.app */;
			productType = "com.apple.product-type.application";
		};
		B0E226BA1B1051B600DD9578 /* PitchPerfectTests */ = {
			isa = PBXNativeTarget;
			buildConfigurationList = B0E226C81B1051B600DD9578 /* Build configuration list for PBXNativeTarget "PitchPerfectTests" */;
			buildPhases = (
				B0E226B71B1051B600DD9578 /* Sources */,
				B0E226B81B1051B600DD9578 /* Frameworks */,
				B0E226B91B1051B600DD9578 /* Resources */,
			);
			buildRules = (
			);
			dependencies = (
				B0E226BD1B1051B600DD9578 /* PBXTargetDependency */,
			);
			name = PitchPerfectTests;
			productName = PitchPerfectTests;
			productReference = B0E226BB1B1051B600DD9578 /* PitchPerfectTests.xctest */;
			productType = "com.apple.product-type.bundle.unit-test";
		};
/* End PBXNativeTarget section */

/* Begin PBXProject section */
		B0E2269E1B1051B600DD9578 /* Project object */ = {
			isa = PBXProject;
			attributes = {
				LastUpgradeCheck = 0630;
				ORGANIZATIONNAME = "Steven Xu";
				TargetAttributes = {
					B0E226A51B1051B600DD9578 = {
						CreatedOnToolsVersion = 6.3.2;
					};
					B0E226BA1B1051B600DD9578 = {
						CreatedOnToolsVersion = 6.3.2;
						TestTargetID = B0E226A51B1051B600DD9578;
					};
				};
			};
			buildConfigurationList = B0E226A11B1051B600DD9578 /* Build configuration list for PBXProject "PitchPerfect" */;
			compatibilityVersion = "Xcode 3.2";
			developmentRegion = English;
			hasScannedForEncodings = 0;
			knownRegions = (
				en,
				Base,
			);
			mainGroup = B0E2269D1B1051B600DD9578;
			productRefGroup = B0E226A71B1051B600DD9578 /* Products */;
			projectDirPath = "";
			projectRoot = "";
			targets = (
				B0E226A51B1051B600DD9578 /* PitchPerfect */,
				B0E226BA1B1051B600DD9578 /* PitchPerfectTests */,
			);
		};
/* End PBXProject section */

/* Begin PBXResourcesBuildPhase section */
		B0E226A41B1051B600DD9578 /* Resources */ = {
			isa = PBXResourcesBuildPhase;
			buildActionMask = 2147483647;
			files = (
				B0E226B11B1051B600DD9578 /* Main.storyboard in Resources */,
				B0E226B61B1051B600DD9578 /* LaunchScreen.xib in Resources */,
				B0E226B31B1051B600DD9578 /* Images.xcassets in Resources */,
			);
			runOnlyForDeploymentPostprocessing = 0;
		};
		B0E226B91B1051B600DD9578 /* Resources */ = {
			isa = PBXResourcesBuildPhase;
			buildActionMask = 2147483647;
			files = (
			);
			runOnlyForDeploymentPostprocessing = 0;
		};
/* End PBXResourcesBuildPhase section */

/* Begin PBXSourcesBuildPhase section */
		B0E226A21B1051B600DD9578 /* Sources */ = {
			isa = PBXSourcesBuildPhase;
			buildActionMask = 2147483647;
			files = (
				B0E226AE1B1051B600DD9578 /* ViewController.swift in Sources */,
				B0E226AC1B1051B600DD9578 /* AppDelegate.swift in Sources */,
			);
			runOnlyForDeploymentPostprocessing = 0;
		};
		B0E226B71B1051B600DD9578 /* Sources */ = {
			isa = PBXSourcesBuildPhase;
			buildActionMask = 2147483647;
			files = (
				B0E226C21B1051B600DD9578 /* PitchPerfectTests.swift in Sources */,
			);
			runOnlyForDeploymentPostprocessing = 0;
		};
/* End PBXSourcesBuildPhase section */

/* Begin PBXTargetDependency section */
		B0E226BD1B1051B600DD9578 /* PBXTargetDependency */ = {
			isa = PBXTargetDependency;
			target = B0E226A51B1051B600DD9578 /* PitchPerfect */;
			targetProxy = B0E226BC1B1051B600DD9578 /* PBXContainerItemProxy */;
		};
/* End PBXTargetDependency section */

/* Begin PBXVariantGroup section */
		B0E226AF1B1051B600DD9578 /* Main.storyboard */ = {
			isa = PBXVariantGroup;
			children = (
				B0E226B01B1051B600DD9578 /* Base */,
			);
			name = Main.storyboard;
			sourceTree = "<group>";
		};
		B0E226B41B1051B600DD9578 /* LaunchScreen.xib */ = {
			isa = PBXVariantGroup;
			children = (
				B0E226B51B1051B600DD9578 /* Base */,
			);
			name = LaunchScreen.xib;
			sourceTree = "<group>";
		};
/* End PBXVariantGroup section */

/* Begin XCBuildConfiguration section */
		B0E226C31B1051B600DD9578 /* Debug */ = {
			isa = XCBuildConfiguration;
			buildSettings = {
				ALWAYS_SEARCH_USER_PATHS = NO;
				CLANG_CXX_LANGUAGE_STANDARD = "gnu++0x";
				CLANG_CXX_LIBRARY = "libc++";
				CLANG_ENABLE_MODULES = YES;
				CLANG_ENABLE_OBJC_ARC = YES;
				CLANG_WARN_BOOL_CONVERSION = YES;
				CLANG_WARN_CONSTANT_CONVERSION = YES;
				CLANG_WARN_DIRECT_OBJC_ISA_USAGE = YES_ERROR;
				CLANG_WARN_EMPTY_BODY = YES;
				CLANG_WARN_ENUM_CONVERSION = YES;
				CLANG_WARN_INT_CONVERSION = YES;
				CLANG_WARN_OBJC_ROOT_CLASS = YES_ERROR;
				CLANG_WARN_UNREACHABLE_CODE = YES;
				CLANG_WARN__DUPLICATE_METHOD_MATCH = YES;
				"CODE_SIGN_IDENTITY[sdk=iphoneos*]" = "iPhone Developer";
				COPY_PHASE_STRIP = NO;
				DEBUG_INFORMATION_FORMAT = "dwarf-with-dsym";
				ENABLE_STRICT_OBJC_MSGSEND = YES;
				GCC_C_LANGUAGE_STANDARD = gnu99;
				GCC_DYNAMIC_NO_PIC = NO;
				GCC_NO_COMMON_BLOCKS = YES;
				GCC_OPTIMIZATION_LEVEL = 0;
				GCC_PREPROCESSOR_DEFINITIONS = (
					"DEBUG=1",
					"$(inherited)",
				);
				GCC_SYMBOLS_PRIVATE_EXTERN = NO;
				GCC_WARN_64_TO_32_BIT_CONVERSION = YES;
				GCC_WARN_ABOUT_RETURN_TYPE = YES_ERROR;
				GCC_WARN_UNDECLARED_SELECTOR = YES;
				GCC_WARN_UNINITIALIZED_AUTOS = YES_AGGRESSIVE;
				GCC_WARN_UNUSED_FUNCTION = YES;
				GCC_WARN_UNUSED_VARIABLE = YES;
				IPHONEOS_DEPLOYMENT_TARGET = 8.3;
				MTL_ENABLE_DEBUG_INFO = YES;
				ONLY_ACTIVE_ARCH = YES;
				SDKROOT = iphoneos;
				SWIFT_OPTIMIZATION_LEVEL = "-Onone";
			};
			name = Debug;
		};
		B0E226C41B1051B600DD9578 /* Release */ = {
			isa = XCBuildConfiguration;
			buildSettings = {
				ALWAYS_SEARCH_USER_PATHS = NO;
				CLANG_CXX_LANGUAGE_STANDARD = "gnu++0x";
				CLANG_CXX_LIBRARY = "libc++";
				CLANG_ENABLE_MODULES = YES;
				CLANG_ENABLE_OBJC_ARC = YES;
				CLANG_WARN_BOOL_CONVERSION = YES;
				CLANG_WARN_CONSTANT_CONVERSION = YES;
				CLANG_WARN_DIRECT_OBJC_ISA_USAGE = YES_ERROR;
				CLANG_WARN_EMPTY_BODY = YES;
				CLANG_WARN_ENUM_CONVERSION = YES;
				CLANG_WARN_INT_CONVERSION = YES;
				CLANG_WARN_OBJC_ROOT_CLASS = YES_ERROR;
				CLANG_WARN_UNREACHABLE_CODE = YES;
				CLANG_WARN__DUPLICATE_METHOD_MATCH = YES;
				"CODE_SIGN_IDENTITY[sdk=iphoneos*]" = "iPhone Developer";
				COPY_PHASE_STRIP = NO;
				DEBUG_INFORMATION_FORMAT = "dwarf-with-dsym";
				ENABLE_NS_ASSERTIONS = NO;
				ENABLE_STRICT_OBJC_MSGSEND = YES;
				GCC_C_LANGUAGE_STANDARD = gnu99;
				GCC_NO_COMMON_BLOCKS = YES;
				GCC_WARN_64_TO_32_BIT_CONVERSION = YES;
				GCC_WARN_ABOUT_RETURN_TYPE = YES_ERROR;
				GCC_WARN_UNDECLARED_SELECTOR = YES;
				GCC_WARN_UNINITIALIZED_AUTOS = YES_AGGRESSIVE;
				GCC_WARN_UNUSED_FUNCTION = YES;
				GCC_WARN_UNUSED_VARIABLE = YES;
				IPHONEOS_DEPLOYMENT_TARGET = 8.3;
				MTL_ENABLE_DEBUG_INFO = NO;
				SDKROOT = iphoneos;
				VALIDATE_PRODUCT = YES;
			};
			name = Release;
		};
		B0E226C61B1051B600DD9578 /* Debug */ = {
			isa = XCBuildConfiguration;
			buildSettings = {
				ASSETCATALOG_COMPILER_APPICON_NAME = AppIcon;
				INFOPLIST_FILE = PitchPerfect/Info.plist;
				LD_RUNPATH_SEARCH_PATHS = "$(inherited) @executable_path/Frameworks";
				PRODUCT_NAME = "$(TARGET_NAME)";
			};
			name = Debug;
		};
		B0E226C71B1051B600DD9578 /* Release */ = {
			isa = XCBuildConfiguration;
			buildSettings = {
				ASSETCATALOG_COMPILER_APPICON_NAME = AppIcon;
				INFOPLIST_FILE = PitchPerfect/Info.plist;
				LD_RUNPATH_SEARCH_PATHS = "$(inherited) @executable_path/Frameworks";
				PRODUCT_NAME = "$(TARGET_NAME)";
			};
			name = Release;
		};
		B0E226C91B1051B600DD9578 /* Debug */ = {
			isa = XCBuildConfiguration;
			buildSettings = {
				BUNDLE_LOADER = "$(TEST_HOST)";
				FRAMEWORK_SEARCH_PATHS = (
					"$(SDKROOT)/Developer/Library/Frameworks",
					"$(inherited)",
				);
				GCC_PREPROCESSOR_DEFINITIONS = (
					"DEBUG=1",
					"$(inherited)",
				);
				INFOPLIST_FILE = PitchPerfectTests/Info.plist;
				LD_RUNPATH_SEARCH_PATHS = "$(inherited) @executable_path/Frameworks @loader_path/Frameworks";
				PRODUCT_NAME = "$(TARGET_NAME)";
				TEST_HOST = "$(BUILT_PRODUCTS_DIR)/PitchPerfect.app/PitchPerfect";
			};
			name = Debug;
		};
		B0E226CA1B1051B600DD9578 /* Release */ = {
			isa = XCBuildConfiguration;
			buildSettings = {
				BUNDLE_LOADER = "$(TEST_HOST)";
				FRAMEWORK_SEARCH_PATHS = (
					"$(SDKROOT)/Developer/Library/Frameworks",
					"$(inherited)",
				);
				INFOPLIST_FILE = PitchPerfectTests/Info.plist;
				LD_RUNPATH_SEARCH_PATHS = "$(inherited) @executable_path/Frameworks @loader_path/Frameworks";
				PRODUCT_NAME = "$(TARGET_NAME)";
				TEST_HOST = "$(BUILT_PRODUCTS_DIR)/PitchPerfect.app/PitchPerfect";
			};
			name = Release;
		};
/* End XCBuildConfiguration section */

/* Begin XCConfigurationList section */
		B0E226A11B1051B600DD9578 /* Build configuration list for PBXProject "PitchPerfect" */ = {
			isa = XCConfigurationList;
			buildConfigurations = (
				B0E226C31B1051B600DD9578 /* Debug */,
				B0E226C41B1051B600DD9578 /* Release */,
			);
			defaultConfigurationIsVisible = 0;
			defaultConfigurationName = Release;
		};
		B0E226C51B1051B600DD9578 /* Build configuration list for PBXNativeTarget "PitchPerfect" */ = {
			isa = XCConfigurationList;
			buildConfigurations = (
				B0E226C61B1051B600DD9578 /* Debug */,
				B0E226C71B1051B600DD9578 /* Release */,
			);
			defaultConfigurationIsVisible = 0;
		};
		B0E226C81B1051B600DD9578 /* Build configuration list for PBXNativeTarget "PitchPerfectTests" */ = {
			isa = XCConfigurationList;
			buildConfigurations = (
				B0E226C91B1051B600DD9578 /* Debug */,
				B0E226CA1B1051B600DD9578 /* Release */,
			);
			defaultConfigurationIsVisible = 0;
		};
/* End XCConfigurationList section */
	};
	rootObject = B0E2269E1B1051B600DD9578 /* Project object */;
}
